
Microsoft Visual Studio Solution File, Format Version 12.00
# Visual Studio Version 17
VisualStudioVersion = 17.2.32630.192
MinimumVisualStudioVersion = 10.0.40219.1
Project("{FAE04EC0-301F-11D3-BF4B-00C04F79EFBC}") = "eTickets", "ECommerceProject\eTickets.csproj", "{3CB8FC23-D6D4-434B-97D7-234966E865CB}"
EndProject
Global
	GlobalSection(SolutionConfigurationPlatforms) = preSolution
		Debug|Any CPU = Debug|Any CPU
		Release|Any CPU = Release|Any CPU
	EndGlobalSection
	GlobalSection(ProjectConfigurationPlatforms) = postSolution
		{3CB8FC23-D6D4-434B-97D7-234966E865CB}.Debug|Any CPU.ActiveCfg = Debug|Any CPU
		{3CB8FC23-D6D4-434B-97D7-234966E865CB}.Debug|Any CPU.Build.0 = Debug|Any CPU
		{3CB8FC23-D6D4-434B-97D7-234966E865CB}.Release|Any CPU.ActiveCfg = Release|Any CPU
		{3CB8FC23-D6D4-434B-97D7-234966E865CB}.Release|Any CPU.Build.0 = Release|Any CPU
	EndGlobalSection
	GlobalSection(SolutionProperties) = preSolution
		HideSolutionNode = FALSE
	EndGlobalSection
	GlobalSection(ExtensibilityGlobals) = postSolution
		SolutionGuid = {8EEDD775-836F-4129-A973-AE43E2F47309}
	EndGlobalSection
EndGlobal
